// !$*UTF8*$!
{
	archiveVersion = 1;
	classes = {
	};
	objectVersion = 56;
	objects = {

/* Begin PBXBuildFile section */
		908D5EC32AB4829B0030B42C /* GoogleService-Info.plist in Resources */ = {isa = PBXBuildFile; fileRef = 908D5EC22AB4829A0030B42C /* GoogleService-Info.plist */; };
		908D5ECF2AB498370030B42C /* NewView.swift in Sources */ = {isa = PBXBuildFile; fileRef = 908D5ECE2AB498370030B42C /* NewView.swift */; };
		908D5ED22AB49A610030B42C /* FirebaseAuth in Frameworks */ = {isa = PBXBuildFile; productRef = 908D5ED12AB49A610030B42C /* FirebaseAuth */; };
		908D5ED42AB49A610030B42C /* FirebaseDatabase in Frameworks */ = {isa = PBXBuildFile; productRef = 908D5ED32AB49A610030B42C /* FirebaseDatabase */; };
		908D5ED62AB49A610030B42C /* FirebaseFirestore in Frameworks */ = {isa = PBXBuildFile; productRef = 908D5ED52AB49A610030B42C /* FirebaseFirestore */; };
		908D5ED82AB49A610030B42C /* FirebaseStorage in Frameworks */ = {isa = PBXBuildFile; productRef = 908D5ED72AB49A610030B42C /* FirebaseStorage */; };
		908D5EDA2AB49C1D0030B42C /* NewController.swift in Sources */ = {isa = PBXBuildFile; fileRef = 908D5ED92AB49C1D0030B42C /* NewController.swift */; };
		908D5EDD2AB4C75C0030B42C /* GoogleSignIn in Frameworks */ = {isa = PBXBuildFile; productRef = 908D5EDC2AB4C75C0030B42C /* GoogleSignIn */; };
		90FFE0772AAF4E0C0059FE02 /* AppDelegate.swift in Sources */ = {isa = PBXBuildFile; fileRef = 90FFE0762AAF4E0C0059FE02 /* AppDelegate.swift */; };
		90FFE0792AAF4E0C0059FE02 /* SceneDelegate.swift in Sources */ = {isa = PBXBuildFile; fileRef = 90FFE0782AAF4E0C0059FE02 /* SceneDelegate.swift */; };
		90FFE07B2AAF4E0C0059FE02 /* AuthView.swift in Sources */ = {isa = PBXBuildFile; fileRef = 90FFE07A2AAF4E0C0059FE02 /* AuthView.swift */; };
		90FFE0802AAF4E0E0059FE02 /* Assets.xcassets in Resources */ = {isa = PBXBuildFile; fileRef = 90FFE07F2AAF4E0E0059FE02 /* Assets.xcassets */; };
		90FFE0832AAF4E0E0059FE02 /* LaunchScreen.storyboard in Resources */ = {isa = PBXBuildFile; fileRef = 90FFE0812AAF4E0E0059FE02 /* LaunchScreen.storyboard */; };
		90FFE08C2AAF4F8F0059FE02 /* SnapKit in Frameworks */ = {isa = PBXBuildFile; productRef = 90FFE08B2AAF4F8F0059FE02 /* SnapKit */; };
		90FFE08F2AAF52D00059FE02 /* Colors.swift in Sources */ = {isa = PBXBuildFile; fileRef = 90FFE08E2AAF52D00059FE02 /* Colors.swift */; };
		90FFE0912AAF54CA0059FE02 /* TextField.swift in Sources */ = {isa = PBXBuildFile; fileRef = 90FFE0902AAF54CA0059FE02 /* TextField.swift */; };
		90FFE0962AAFB26D0059FE02 /* AuthModel.swift in Sources */ = {isa = PBXBuildFile; fileRef = 90FFE0952AAFB26D0059FE02 /* AuthModel.swift */; };
		90FFE0982AAFB3720059FE02 /* AuthController.swift in Sources */ = {isa = PBXBuildFile; fileRef = 90FFE0972AAFB3720059FE02 /* AuthController.swift */; };
/* End PBXBuildFile section */

/* Begin PBXFileReference section */
		908D5EC22AB4829A0030B42C /* GoogleService-Info.plist */ = {isa = PBXFileReference; fileEncoding = 4; lastKnownFileType = text.plist.xml; path = "GoogleService-Info.plist"; sourceTree = "<group>"; };
		908D5ECE2AB498370030B42C /* NewView.swift */ = {isa = PBXFileReference; lastKnownFileType = sourcecode.swift; path = NewView.swift; sourceTree = "<group>"; };
		908D5ED92AB49C1D0030B42C /* NewController.swift */ = {isa = PBXFileReference; lastKnownFileType = sourcecode.swift; path = NewController.swift; sourceTree = "<group>"; };
		908D5EDE2AB4D0BE0030B42C /* Shelves.entitlements */ = {isa = PBXFileReference; fileEncoding = 4; lastKnownFileType = text.plist.entitlements; path = Shelves.entitlements; sourceTree = "<group>"; };
		90FFE0732AAF4E0C0059FE02 /* Shelves.app */ = {isa = PBXFileReference; explicitFileType = wrapper.application; includeInIndex = 0; path = Shelves.app; sourceTree = BUILT_PRODUCTS_DIR; };
		90FFE0762AAF4E0C0059FE02 /* AppDelegate.swift */ = {isa = PBXFileReference; lastKnownFileType = sourcecode.swift; path = AppDelegate.swift; sourceTree = "<group>"; };
		90FFE0782AAF4E0C0059FE02 /* SceneDelegate.swift */ = {isa = PBXFileReference; lastKnownFileType = sourcecode.swift; path = SceneDelegate.swift; sourceTree = "<group>"; };
		90FFE07A2AAF4E0C0059FE02 /* AuthView.swift */ = {isa = PBXFileReference; lastKnownFileType = sourcecode.swift; path = AuthView.swift; sourceTree = "<group>"; };
		90FFE07F2AAF4E0E0059FE02 /* Assets.xcassets */ = {isa = PBXFileReference; lastKnownFileType = folder.assetcatalog; path = Assets.xcassets; sourceTree = "<group>"; };
		90FFE0822AAF4E0E0059FE02 /* Base */ = {isa = PBXFileReference; lastKnownFileType = file.storyboard; name = Base; path = Base.lproj/LaunchScreen.storyboard; sourceTree = "<group>"; };
		90FFE0842AAF4E0E0059FE02 /* Info.plist */ = {isa = PBXFileReference; lastKnownFileType = text.plist.xml; path = Info.plist; sourceTree = "<group>"; };
		90FFE08E2AAF52D00059FE02 /* Colors.swift */ = {isa = PBXFileReference; lastKnownFileType = sourcecode.swift; path = Colors.swift; sourceTree = "<group>"; };
		90FFE0902AAF54CA0059FE02 /* TextField.swift */ = {isa = PBXFileReference; lastKnownFileType = sourcecode.swift; path = TextField.swift; sourceTree = "<group>"; };
		90FFE0952AAFB26D0059FE02 /* AuthModel.swift */ = {isa = PBXFileReference; lastKnownFileType = sourcecode.swift; path = AuthModel.swift; sourceTree = "<group>"; };
		90FFE0972AAFB3720059FE02 /* AuthController.swift */ = {isa = PBXFileReference; lastKnownFileType = sourcecode.swift; path = AuthController.swift; sourceTree = "<group>"; };
/* End PBXFileReference section */

/* Begin PBXFrameworksBuildPhase section */
		90FFE0702AAF4E0C0059FE02 /* Frameworks */ = {
			isa = PBXFrameworksBuildPhase;
			buildActionMask = 2147483647;
			files = (
				908D5ED42AB49A610030B42C /* FirebaseDatabase in Frameworks */,
				908D5ED62AB49A610030B42C /* FirebaseFirestore in Frameworks */,
				90FFE08C2AAF4F8F0059FE02 /* SnapKit in Frameworks */,
				908D5ED82AB49A610030B42C /* FirebaseStorage in Frameworks */,
				908D5ED22AB49A610030B42C /* FirebaseAuth in Frameworks */,
				908D5EDD2AB4C75C0030B42C /* GoogleSignIn in Frameworks */,
			);
			runOnlyForDeploymentPostprocessing = 0;
		};
/* End PBXFrameworksBuildPhase section */

/* Begin PBXGroup section */
		908D5EDF2AB4D13B0030B42C /* Modules */ = {
			isa = PBXGroup;
			children = (
				908D5EE02AB4D1440030B42C /* AuthModule */,
				908D5EE12AB4D14E0030B42C /* NewModule */,
			);
			path = Modules;
			sourceTree = "<group>";
		};
		908D5EE02AB4D1440030B42C /* AuthModule */ = {
			isa = PBXGroup;
			children = (
				90FFE0922AAF7B460059FE02 /* Model */,
				90FFE0932AAF7B4C0059FE02 /* View */,
				90FFE0942AAF7B530059FE02 /* Controller */,
			);
			path = AuthModule;
			sourceTree = "<group>";
		};
		908D5EE12AB4D14E0030B42C /* NewModule */ = {
			isa = PBXGroup;
			children = (
				908D5EE42AB4D1900030B42C /* Model */,
				908D5EE32AB4D18B0030B42C /* View */,
				908D5EE22AB4D1840030B42C /* Controller */,
			);
			path = NewModule;
			sourceTree = "<group>";
		};
		908D5EE22AB4D1840030B42C /* Controller */ = {
			isa = PBXGroup;
			children = (
				908D5ED92AB49C1D0030B42C /* NewController.swift */,
			);
			path = Controller;
			sourceTree = "<group>";
		};
		908D5EE32AB4D18B0030B42C /* View */ = {
			isa = PBXGroup;
			children = (
				908D5ECE2AB498370030B42C /* NewView.swift */,
			);
			path = View;
			sourceTree = "<group>";
		};
		908D5EE42AB4D1900030B42C /* Model */ = {
			isa = PBXGroup;
			children = (
			);
			path = Model;
			sourceTree = "<group>";
		};
		90FFE06A2AAF4E0C0059FE02 = {
			isa = PBXGroup;
			children = (
				90FFE0752AAF4E0C0059FE02 /* Shelves */,
				90FFE0742AAF4E0C0059FE02 /* Products */,
			);
			sourceTree = "<group>";
		};
		90FFE0742AAF4E0C0059FE02 /* Products */ = {
			isa = PBXGroup;
			children = (
				90FFE0732AAF4E0C0059FE02 /* Shelves.app */,
			);
			name = Products;
			sourceTree = "<group>";
		};
		90FFE0752AAF4E0C0059FE02 /* Shelves */ = {
			isa = PBXGroup;
			children = (
				90FFE0992AB04E1A0059FE02 /* App */,
				908D5EDF2AB4D13B0030B42C /* Modules */,
				90FFE08D2AAF52C20059FE02 /* Extensions */,
				90FFE09A2AB04E380059FE02 /* Resources */,
				908D5EDE2AB4D0BE0030B42C /* Shelves.entitlements */,
				90FFE0842AAF4E0E0059FE02 /* Info.plist */,
				908D5EC22AB4829A0030B42C /* GoogleService-Info.plist */,
				90FFE0812AAF4E0E0059FE02 /* LaunchScreen.storyboard */,
			);
			path = Shelves;
			sourceTree = "<group>";
		};
		90FFE08D2AAF52C20059FE02 /* Extensions */ = {
			isa = PBXGroup;
			children = (
				90FFE08E2AAF52D00059FE02 /* Colors.swift */,
				90FFE0902AAF54CA0059FE02 /* TextField.swift */,
			);
			path = Extensions;
			sourceTree = "<group>";
		};
		90FFE0922AAF7B460059FE02 /* Model */ = {
			isa = PBXGroup;
			children = (
				90FFE0952AAFB26D0059FE02 /* AuthModel.swift */,
			);
			path = Model;
			sourceTree = "<group>";
		};
		90FFE0932AAF7B4C0059FE02 /* View */ = {
			isa = PBXGroup;
			children = (
				90FFE07A2AAF4E0C0059FE02 /* AuthView.swift */,
			);
			path = View;
			sourceTree = "<group>";
		};
		90FFE0942AAF7B530059FE02 /* Controller */ = {
			isa = PBXGroup;
			children = (
				90FFE0972AAFB3720059FE02 /* AuthController.swift */,
			);
			path = Controller;
			sourceTree = "<group>";
		};
		90FFE0992AB04E1A0059FE02 /* App */ = {
			isa = PBXGroup;
			children = (
				90FFE0762AAF4E0C0059FE02 /* AppDelegate.swift */,
				90FFE0782AAF4E0C0059FE02 /* SceneDelegate.swift */,
			);
			path = App;
			sourceTree = "<group>";
		};
		90FFE09A2AB04E380059FE02 /* Resources */ = {
			isa = PBXGroup;
			children = (
				90FFE07F2AAF4E0E0059FE02 /* Assets.xcassets */,
			);
			path = Resources;
			sourceTree = "<group>";
		};
/* End PBXGroup section */

/* Begin PBXNativeTarget section */
		90FFE0722AAF4E0C0059FE02 /* Shelves */ = {
			isa = PBXNativeTarget;
			buildConfigurationList = 90FFE0872AAF4E0E0059FE02 /* Build configuration list for PBXNativeTarget "Shelves" */;
			buildPhases = (
				90FFE06F2AAF4E0C0059FE02 /* Sources */,
				90FFE0702AAF4E0C0059FE02 /* Frameworks */,
				90FFE0712AAF4E0C0059FE02 /* Resources */,
			);
			buildRules = (
			);
			dependencies = (
			);
			name = Shelves;
			packageProductDependencies = (
				90FFE08B2AAF4F8F0059FE02 /* SnapKit */,
				908D5ED12AB49A610030B42C /* FirebaseAuth */,
				908D5ED32AB49A610030B42C /* FirebaseDatabase */,
				908D5ED52AB49A610030B42C /* FirebaseFirestore */,
				908D5ED72AB49A610030B42C /* FirebaseStorage */,
				908D5EDC2AB4C75C0030B42C /* GoogleSignIn */,
			);
			productName = Shelves;
			productReference = 90FFE0732AAF4E0C0059FE02 /* Shelves.app */;
			productType = "com.apple.product-type.application";
		};
/* End PBXNativeTarget section */

/* Begin PBXProject section */
		90FFE06B2AAF4E0C0059FE02 /* Project object */ = {
			isa = PBXProject;
			attributes = {
				BuildIndependentTargetsInParallel = 1;
				LastSwiftUpdateCheck = 1430;
				LastUpgradeCheck = 1430;
				TargetAttributes = {
					90FFE0722AAF4E0C0059FE02 = {
						CreatedOnToolsVersion = 14.3;
					};
				};
			};
			buildConfigurationList = 90FFE06E2AAF4E0C0059FE02 /* Build configuration list for PBXProject "Shelves" */;
			compatibilityVersion = "Xcode 14.0";
			developmentRegion = en;
			hasScannedForEncodings = 0;
			knownRegions = (
				en,
				Base,
			);
			mainGroup = 90FFE06A2AAF4E0C0059FE02;
			packageReferences = (
				90FFE08A2AAF4F8F0059FE02 /* XCRemoteSwiftPackageReference "SnapKit" */,
				908D5ED02AB49A610030B42C /* XCRemoteSwiftPackageReference "firebase-ios-sdk" */,
				908D5EDB2AB4C75C0030B42C /* XCRemoteSwiftPackageReference "GoogleSignIn-iOS" */,
			);
			productRefGroup = 90FFE0742AAF4E0C0059FE02 /* Products */;
			projectDirPath = "";
			projectRoot = "";
			targets = (
				90FFE0722AAF4E0C0059FE02 /* Shelves */,
			);
		};
/* End PBXProject section */

/* Begin PBXResourcesBuildPhase section */
		90FFE0712AAF4E0C0059FE02 /* Resources */ = {
			isa = PBXResourcesBuildPhase;
			buildActionMask = 2147483647;
			files = (
				90FFE0832AAF4E0E0059FE02 /* LaunchScreen.storyboard in Resources */,
				90FFE0802AAF4E0E0059FE02 /* Assets.xcassets in Resources */,
				908D5EC32AB4829B0030B42C /* GoogleService-Info.plist in Resources */,
			);
			runOnlyForDeploymentPostprocessing = 0;
		};
/* End PBXResourcesBuildPhase section */

/* Begin PBXSourcesBuildPhase section */
		90FFE06F2AAF4E0C0059FE02 /* Sources */ = {
			isa = PBXSourcesBuildPhase;
			buildActionMask = 2147483647;
			files = (
				90FFE07B2AAF4E0C0059FE02 /* AuthView.swift in Sources */,
				908D5EDA2AB49C1D0030B42C /* NewController.swift in Sources */,
				90FFE08F2AAF52D00059FE02 /* Colors.swift in Sources */,
				90FFE0772AAF4E0C0059FE02 /* AppDelegate.swift in Sources */,
				908D5ECF2AB498370030B42C /* NewView.swift in Sources */,
				90FFE0912AAF54CA0059FE02 /* TextField.swift in Sources */,
				90FFE0792AAF4E0C0059FE02 /* SceneDelegate.swift in Sources */,
				90FFE0982AAFB3720059FE02 /* AuthController.swift in Sources */,
				90FFE0962AAFB26D0059FE02 /* AuthModel.swift in Sources */,
			);
			runOnlyForDeploymentPostprocessing = 0;
		};
/* End PBXSourcesBuildPhase section */

/* Begin PBXVariantGroup section */
		90FFE0812AAF4E0E0059FE02 /* LaunchScreen.storyboard */ = {
			isa = PBXVariantGroup;
			children = (
				90FFE0822AAF4E0E0059FE02 /* Base */,
			);
			name = LaunchScreen.storyboard;
			sourceTree = "<group>";
		};
/* End PBXVariantGroup section */

/* Begin XCBuildConfiguration section */
		90FFE0852AAF4E0E0059FE02 /* Debug */ = {
			isa = XCBuildConfiguration;
			buildSettings = {
				ALWAYS_SEARCH_USER_PATHS = NO;
				CLANG_ANALYZER_NONNULL = YES;
				CLANG_ANALYZER_NUMBER_OBJECT_CONVERSION = YES_AGGRESSIVE;
				CLANG_CXX_LANGUAGE_STANDARD = "gnu++20";
				CLANG_ENABLE_MODULES = YES;
				CLANG_ENABLE_OBJC_ARC = YES;
				CLANG_ENABLE_OBJC_WEAK = YES;
				CLANG_WARN_BLOCK_CAPTURE_AUTORELEASING = YES;
				CLANG_WARN_BOOL_CONVERSION = YES;
				CLANG_WARN_COMMA = YES;
				CLANG_WARN_CONSTANT_CONVERSION = YES;
				CLANG_WARN_DEPRECATED_OBJC_IMPLEMENTATIONS = YES;
				CLANG_WARN_DIRECT_OBJC_ISA_USAGE = YES_ERROR;
				CLANG_WARN_DOCUMENTATION_COMMENTS = YES;
				CLANG_WARN_EMPTY_BODY = YES;
				CLANG_WARN_ENUM_CONVERSION = YES;
				CLANG_WARN_INFINITE_RECURSION = YES;
				CLANG_WARN_INT_CONVERSION = YES;
				CLANG_WARN_NON_LITERAL_NULL_CONVERSION = YES;
				CLANG_WARN_OBJC_IMPLICIT_RETAIN_SELF = YES;
				CLANG_WARN_OBJC_LITERAL_CONVERSION = YES;
				CLANG_WARN_OBJC_ROOT_CLASS = YES_ERROR;
				CLANG_WARN_QUOTED_INCLUDE_IN_FRAMEWORK_HEADER = YES;
				CLANG_WARN_RANGE_LOOP_ANALYSIS = YES;
				CLANG_WARN_STRICT_PROTOTYPES = YES;
				CLANG_WARN_SUSPICIOUS_MOVE = YES;
				CLANG_WARN_UNGUARDED_AVAILABILITY = YES_AGGRESSIVE;
				CLANG_WARN_UNREACHABLE_CODE = YES;
				CLANG_WARN__DUPLICATE_METHOD_MATCH = YES;
				COPY_PHASE_STRIP = NO;
				DEBUG_INFORMATION_FORMAT = dwarf;
				ENABLE_STRICT_OBJC_MSGSEND = YES;
				ENABLE_TESTABILITY = YES;
				GCC_C_LANGUAGE_STANDARD = gnu11;
				GCC_DYNAMIC_NO_PIC = NO;
				GCC_NO_COMMON_BLOCKS = YES;
				GCC_OPTIMIZATION_LEVEL = 0;
				GCC_PREPROCESSOR_DEFINITIONS = (
					"DEBUG=1",
					"$(inherited)",
				);
				GCC_WARN_64_TO_32_BIT_CONVERSION = YES;
				GCC_WARN_ABOUT_RETURN_TYPE = YES_ERROR;
				GCC_WARN_UNDECLARED_SELECTOR = YES;
				GCC_WARN_UNINITIALIZED_AUTOS = YES_AGGRESSIVE;
				GCC_WARN_UNUSED_FUNCTION = YES;
				GCC_WARN_UNUSED_VARIABLE = YES;
				IPHONEOS_DEPLOYMENT_TARGET = 16.4;
				MTL_ENABLE_DEBUG_INFO = INCLUDE_SOURCE;
				MTL_FAST_MATH = YES;
				ONLY_ACTIVE_ARCH = YES;
				SDKROOT = iphoneos;
				SWIFT_ACTIVE_COMPILATION_CONDITIONS = DEBUG;
				SWIFT_OPTIMIZATION_LEVEL = "-Onone";
			};
			name = Debug;
		};
		90FFE0862AAF4E0E0059FE02 /* Release */ = {
			isa = XCBuildConfiguration;
			buildSettings = {
				ALWAYS_SEARCH_USER_PATHS = NO;
				CLANG_ANALYZER_NONNULL = YES;
				CLANG_ANALYZER_NUMBER_OBJECT_CONVERSION = YES_AGGRESSIVE;
				CLANG_CXX_LANGUAGE_STANDARD = "gnu++20";
				CLANG_ENABLE_MODULES = YES;
				CLANG_ENABLE_OBJC_ARC = YES;
				CLANG_ENABLE_OBJC_WEAK = YES;
				CLANG_WARN_BLOCK_CAPTURE_AUTORELEASING = YES;
				CLANG_WARN_BOOL_CONVERSION = YES;
				CLANG_WARN_COMMA = YES;
				CLANG_WARN_CONSTANT_CONVERSION = YES;
				CLANG_WARN_DEPRECATED_OBJC_IMPLEMENTATIONS = YES;
				CLANG_WARN_DIRECT_OBJC_ISA_USAGE = YES_ERROR;
				CLANG_WARN_DOCUMENTATION_COMMENTS = YES;
				CLANG_WARN_EMPTY_BODY = YES;
				CLANG_WARN_ENUM_CONVERSION = YES;
				CLANG_WARN_INFINITE_RECURSION = YES;
				CLANG_WARN_INT_CONVERSION = YES;
				CLANG_WARN_NON_LITERAL_NULL_CONVERSION = YES;
				CLANG_WARN_OBJC_IMPLICIT_RETAIN_SELF = YES;
				CLANG_WARN_OBJC_LITERAL_CONVERSION = YES;
				CLANG_WARN_OBJC_ROOT_CLASS = YES_ERROR;
				CLANG_WARN_QUOTED_INCLUDE_IN_FRAMEWORK_HEADER = YES;
				CLANG_WARN_RANGE_LOOP_ANALYSIS = YES;
				CLANG_WARN_STRICT_PROTOTYPES = YES;
				CLANG_WARN_SUSPICIOUS_MOVE = YES;
				CLANG_WARN_UNGUARDED_AVAILABILITY = YES_AGGRESSIVE;
				CLANG_WARN_UNREACHABLE_CODE = YES;
				CLANG_WARN__DUPLICATE_METHOD_MATCH = YES;
				COPY_PHASE_STRIP = NO;
				DEBUG_INFORMATION_FORMAT = "dwarf-with-dsym";
				ENABLE_NS_ASSERTIONS = NO;
				ENABLE_STRICT_OBJC_MSGSEND = YES;
				GCC_C_LANGUAGE_STANDARD = gnu11;
				GCC_NO_COMMON_BLOCKS = YES;
				GCC_WARN_64_TO_32_BIT_CONVERSION = YES;
				GCC_WARN_ABOUT_RETURN_TYPE = YES_ERROR;
				GCC_WARN_UNDECLARED_SELECTOR = YES;
				GCC_WARN_UNINITIALIZED_AUTOS = YES_AGGRESSIVE;
				GCC_WARN_UNUSED_FUNCTION = YES;
				GCC_WARN_UNUSED_VARIABLE = YES;
				IPHONEOS_DEPLOYMENT_TARGET = 16.4;
				MTL_ENABLE_DEBUG_INFO = NO;
				MTL_FAST_MATH = YES;
				SDKROOT = iphoneos;
				SWIFT_COMPILATION_MODE = wholemodule;
				SWIFT_OPTIMIZATION_LEVEL = "-O";
				VALIDATE_PRODUCT = YES;
			};
			name = Release;
		};
		90FFE0882AAF4E0E0059FE02 /* Debug */ = {
			isa = XCBuildConfiguration;
			buildSettings = {
				ASSETCATALOG_COMPILER_APPICON_NAME = AppIcon;
				ASSETCATALOG_COMPILER_GLOBAL_ACCENT_COLOR_NAME = AccentColor;
				CODE_SIGN_ENTITLEMENTS = Shelves/Shelves.entitlements;
				CODE_SIGN_STYLE = Automatic;
				CURRENT_PROJECT_VERSION = 1;
				DEVELOPMENT_TEAM = GTMA39LQ82;
				GENERATE_INFOPLIST_FILE = YES;
				INFOPLIST_FILE = Shelves/Info.plist;
				INFOPLIST_KEY_UIApplicationSupportsIndirectInputEvents = YES;
				INFOPLIST_KEY_UILaunchStoryboardName = LaunchScreen;
				INFOPLIST_KEY_UISupportedInterfaceOrientations = UIInterfaceOrientationPortrait;
				INFOPLIST_KEY_UISupportedInterfaceOrientations_iPad = "UIInterfaceOrientationLandscapeLeft UIInterfaceOrientationLandscapeRight UIInterfaceOrientationPortrait UIInterfaceOrientationPortraitUpsideDown";
				LD_RUNPATH_SEARCH_PATHS = (
					"$(inherited)",
					"@executable_path/Frameworks",
				);
				MARKETING_VERSION = 1.0;
				PRODUCT_BUNDLE_IDENTIFIER = com.myawko.Shelves;
				PRODUCT_NAME = "$(TARGET_NAME)";
				SUPPORTED_PLATFORMS = "iphoneos iphonesimulator";
				SUPPORTS_MACCATALYST = NO;
				SUPPORTS_MAC_DESIGNED_FOR_IPHONE_IPAD = NO;
				SWIFT_EMIT_LOC_STRINGS = YES;
				SWIFT_VERSION = 5.0;
				TARGETED_DEVICE_FAMILY = 1;
			};
			name = Debug;
		};
		90FFE0892AAF4E0E0059FE02 /* Release */ = {
			isa = XCBuildConfiguration;
			buildSettings = {
				ASSETCATALOG_COMPILER_APPICON_NAME = AppIcon;
				ASSETCATALOG_COMPILER_GLOBAL_ACCENT_COLOR_NAME = AccentColor;
				CODE_SIGN_ENTITLEMENTS = Shelves/Shelves.entitlements;
				CODE_SIGN_STYLE = Automatic;
				CURRENT_PROJECT_VERSION = 1;
				DEVELOPMENT_TEAM = GTMA39LQ82;
				GENERATE_INFOPLIST_FILE = YES;
				INFOPLIST_FILE = Shelves/Info.plist;
				INFOPLIST_KEY_UIApplicationSupportsIndirectInputEvents = YES;
				INFOPLIST_KEY_UILaunchStoryboardName = LaunchScreen;
				INFOPLIST_KEY_UISupportedInterfaceOrientations = UIInterfaceOrientationPortrait;
				INFOPLIST_KEY_UISupportedInterfaceOrientations_iPad = "UIInterfaceOrientationLandscapeLeft UIInterfaceOrientationLandscapeRight UIInterfaceOrientationPortrait UIInterfaceOrientationPortraitUpsideDown";
				LD_RUNPATH_SEARCH_PATHS = (
					"$(inherited)",
					"@executable_path/Frameworks",
				);
				MARKETING_VERSION = 1.0;
				PRODUCT_BUNDLE_IDENTIFIER = com.myawko.Shelves;
				PRODUCT_NAME = "$(TARGET_NAME)";
				SUPPORTED_PLATFORMS = "iphoneos iphonesimulator";
				SUPPORTS_MACCATALYST = NO;
				SUPPORTS_MAC_DESIGNED_FOR_IPHONE_IPAD = NO;
				SWIFT_EMIT_LOC_STRINGS = YES;
				SWIFT_VERSION = 5.0;
				TARGETED_DEVICE_FAMILY = 1;
			};
			name = Release;
		};
/* End XCBuildConfiguration section */

/* Begin XCConfigurationList section */
		90FFE06E2AAF4E0C0059FE02 /* Build configuration list for PBXProject "Shelves" */ = {
			isa = XCConfigurationList;
			buildConfigurations = (
				90FFE0852AAF4E0E0059FE02 /* Debug */,
				90FFE0862AAF4E0E0059FE02 /* Release */,
			);
			defaultConfigurationIsVisible = 0;
			defaultConfigurationName = Release;
		};
		90FFE0872AAF4E0E0059FE02 /* Build configuration list for PBXNativeTarget "Shelves" */ = {
			isa = XCConfigurationList;
			buildConfigurations = (
				90FFE0882AAF4E0E0059FE02 /* Debug */,
				90FFE0892AAF4E0E0059FE02 /* Release */,
			);
			defaultConfigurationIsVisible = 0;
			defaultConfigurationName = Release;
		};
/* End XCConfigurationList section */

/* Begin XCRemoteSwiftPackageReference section */
		908D5ED02AB49A610030B42C /* XCRemoteSwiftPackageReference "firebase-ios-sdk" */ = {
			isa = XCRemoteSwiftPackageReference;
			repositoryURL = "https://github.com/firebase/firebase-ios-sdk";
			requirement = {
				kind = upToNextMajorVersion;
				minimumVersion = 10.0.0;
			};
		};
		908D5EDB2AB4C75C0030B42C /* XCRemoteSwiftPackageReference "GoogleSignIn-iOS" */ = {
			isa = XCRemoteSwiftPackageReference;
			repositoryURL = "https://github.com/google/GoogleSignIn-iOS";
			requirement = {
				kind = upToNextMajorVersion;
				minimumVersion = 7.0.0;
			};
		};
		90FFE08A2AAF4F8F0059FE02 /* XCRemoteSwiftPackageReference "SnapKit" */ = {
			isa = XCRemoteSwiftPackageReference;
			repositoryURL = "https://github.com/SnapKit/SnapKit";
			requirement = {
				kind = upToNextMajorVersion;
				minimumVersion = 5.0.0;
			};
		};
/* End XCRemoteSwiftPackageReference section */

/* Begin XCSwiftPackageProductDependency section */
		908D5ED12AB49A610030B42C /* FirebaseAuth */ = {
			isa = XCSwiftPackageProductDependency;
			package = 908D5ED02AB49A610030B42C /* XCRemoteSwiftPackageReference "firebase-ios-sdk" */;
			productName = FirebaseAuth;
		};
		908D5ED32AB49A610030B42C /* FirebaseDatabase */ = {
			isa = XCSwiftPackageProductDependency;
			package = 908D5ED02AB49A610030B42C /* XCRemoteSwiftPackageReference "firebase-ios-sdk" */;
			productName = FirebaseDatabase;
		};
		908D5ED52AB49A610030B42C /* FirebaseFirestore */ = {
			isa = XCSwiftPackageProductDependency;
			package = 908D5ED02AB49A610030B42C /* XCRemoteSwiftPackageReference "firebase-ios-sdk" */;
			productName = FirebaseFirestore;
		};
		908D5ED72AB49A610030B42C /* FirebaseStorage */ = {
			isa = XCSwiftPackageProductDependency;
			package = 908D5ED02AB49A610030B42C /* XCRemoteSwiftPackageReference "firebase-ios-sdk" */;
			productName = FirebaseStorage;
		};
		908D5EDC2AB4C75C0030B42C /* GoogleSignIn */ = {
			isa = XCSwiftPackageProductDependency;
			package = 908D5EDB2AB4C75C0030B42C /* XCRemoteSwiftPackageReference "GoogleSignIn-iOS" */;
			productName = GoogleSignIn;
		};
		90FFE08B2AAF4F8F0059FE02 /* SnapKit */ = {
			isa = XCSwiftPackageProductDependency;
			package = 90FFE08A2AAF4F8F0059FE02 /* XCRemoteSwiftPackageReference "SnapKit" */;
			productName = SnapKit;
		};
/* End XCSwiftPackageProductDependency section */
	};
	rootObject = 90FFE06B2AAF4E0C0059FE02 /* Project object */;
}
